// !$*UTF8*$!
{
	archiveVersion = 1;
	classes = {
	};
	objectVersion = 50;
	objects = {

/* Begin PBXBuildFile section */
		F149A38324BE281F00B30908 /* AppDelegate.swift in Sources */ = {isa = PBXBuildFile; fileRef = F149A38224BE281F00B30908 /* AppDelegate.swift */; };
		F149A38524BE281F00B30908 /* SceneDelegate.swift in Sources */ = {isa = PBXBuildFile; fileRef = F149A38424BE281F00B30908 /* SceneDelegate.swift */; };
		F149A38724BE281F00B30908 /* ViewController.swift in Sources */ = {isa = PBXBuildFile; fileRef = F149A38624BE281F00B30908 /* ViewController.swift */; };
		F149A38A24BE281F00B30908 /* Main.storyboard in Resources */ = {isa = PBXBuildFile; fileRef = F149A38824BE281F00B30908 /* Main.storyboard */; };
		F149A38C24BE282000B30908 /* Assets.xcassets in Resources */ = {isa = PBXBuildFile; fileRef = F149A38B24BE282000B30908 /* Assets.xcassets */; };
		F149A38F24BE282000B30908 /* LaunchScreen.storyboard in Resources */ = {isa = PBXBuildFile; fileRef = F149A38D24BE282000B30908 /* LaunchScreen.storyboard */; };
		F149A3A024BE4D6800B30908 /* D.wav in Resources */ = {isa = PBXBuildFile; fileRef = F149A39924BE4D6800B30908 /* D.wav */; };
		F149A3A124BE4D6800B30908 /* G.wav in Resources */ = {isa = PBXBuildFile; fileRef = F149A39A24BE4D6800B30908 /* G.wav */; };
		F149A3A224BE4D6800B30908 /* C.wav in Resources */ = {isa = PBXBuildFile; fileRef = F149A39B24BE4D6800B30908 /* C.wav */; };
		F149A3A324BE4D6800B30908 /* B.wav in Resources */ = {isa = PBXBuildFile; fileRef = F149A39C24BE4D6800B30908 /* B.wav */; };
		F149A3A424BE4D6800B30908 /* A.wav in Resources */ = {isa = PBXBuildFile; fileRef = F149A39D24BE4D6800B30908 /* A.wav */; };
		F149A3A524BE4D6800B30908 /* E.wav in Resources */ = {isa = PBXBuildFile; fileRef = F149A39E24BE4D6800B30908 /* E.wav */; };
		F149A3A624BE4D6800B30908 /* F.wav in Resources */ = {isa = PBXBuildFile; fileRef = F149A39F24BE4D6800B30908 /* F.wav */; };
/* End PBXBuildFile section */

/* Begin PBXFileReference section */
		F149A37F24BE281F00B30908 /* Xylophone.app */ = {isa = PBXFileReference; explicitFileType = wrapper.application; includeInIndex = 0; path = Xylophone.app; sourceTree = BUILT_PRODUCTS_DIR; };
		F149A38224BE281F00B30908 /* AppDelegate.swift */ = {isa = PBXFileReference; lastKnownFileType = sourcecode.swift; path = AppDelegate.swift; sourceTree = "<group>"; };
		F149A38424BE281F00B30908 /* SceneDelegate.swift */ = {isa = PBXFileReference; lastKnownFileType = sourcecode.swift; path = SceneDelegate.swift; sourceTree = "<group>"; };
		F149A38624BE281F00B30908 /* ViewController.swift */ = {isa = PBXFileReference; lastKnownFileType = sourcecode.swift; path = ViewController.swift; sourceTree = "<group>"; };
		F149A38924BE281F00B30908 /* Base */ = {isa = PBXFileReference; lastKnownFileType = file.storyboard; name = Base; path = Base.lproj/Main.storyboard; sourceTree = "<group>"; };
		F149A38B24BE282000B30908 /* Assets.xcassets */ = {isa = PBXFileReference; lastKnownFileType = folder.assetcatalog; path = Assets.xcassets; sourceTree = "<group>"; };
		F149A38E24BE282000B30908 /* Base */ = {isa = PBXFileReference; lastKnownFileType = file.storyboard; name = Base; path = Base.lproj/LaunchScreen.storyboard; sourceTree = "<group>"; };
		F149A39024BE282000B30908 /* Info.plist */ = {isa = PBXFileReference; lastKnownFileType = text.plist.xml; path = Info.plist; sourceTree = "<group>"; };
		F149A39924BE4D6800B30908 /* D.wav */ = {isa = PBXFileReference; lastKnownFileType = audio.wav; path = D.wav; sourceTree = "<group>"; };
		F149A39A24BE4D6800B30908 /* G.wav */ = {isa = PBXFileReference; lastKnownFileType = audio.wav; path = G.wav; sourceTree = "<group>"; };
		F149A39B24BE4D6800B30908 /* C.wav */ = {isa = PBXFileReference; lastKnownFileType = audio.wav; path = C.wav; sourceTree = "<group>"; };
		F149A39C24BE4D6800B30908 /* B.wav */ = {isa = PBXFileReference; lastKnownFileType = audio.wav; path = B.wav; sourceTree = "<group>"; };
		F149A39D24BE4D6800B30908 /* A.wav */ = {isa = PBXFileReference; lastKnownFileType = audio.wav; path = A.wav; sourceTree = "<group>"; };
		F149A39E24BE4D6800B30908 /* E.wav */ = {isa = PBXFileReference; lastKnownFileType = audio.wav; path = E.wav; sourceTree = "<group>"; };
		F149A39F24BE4D6800B30908 /* F.wav */ = {isa = PBXFileReference; lastKnownFileType = audio.wav; path = F.wav; sourceTree = "<group>"; };
/* End PBXFileReference section */

/* Begin PBXFrameworksBuildPhase section */
		F149A37C24BE281F00B30908 /* Frameworks */ = {
			isa = PBXFrameworksBuildPhase;
			buildActionMask = 2147483647;
			files = (
			);
			runOnlyForDeploymentPostprocessing = 0;
		};
/* End PBXFrameworksBuildPhase section */

/* Begin PBXGroup section */
		F149A37624BE281F00B30908 = {
			isa = PBXGroup;
			children = (
				F149A38124BE281F00B30908 /* Xylophone */,
				F149A38024BE281F00B30908 /* Products */,
			);
			sourceTree = "<group>";
		};
		F149A38024BE281F00B30908 /* Products */ = {
			isa = PBXGroup;
			children = (
				F149A37F24BE281F00B30908 /* Xylophone.app */,
			);
			name = Products;
			sourceTree = "<group>";
		};
		F149A38124BE281F00B30908 /* Xylophone */ = {
			isa = PBXGroup;
			children = (
				F149A38224BE281F00B30908 /* AppDelegate.swift */,
				F149A38424BE281F00B30908 /* SceneDelegate.swift */,
				F149A38624BE281F00B30908 /* ViewController.swift */,
				F149A38824BE281F00B30908 /* Main.storyboard */,
				F149A38B24BE282000B30908 /* Assets.xcassets */,
				F149A38D24BE282000B30908 /* LaunchScreen.storyboard */,
				F149A39024BE282000B30908 /* Info.plist */,
				F149A39824BE4D4100B30908 /* Sounds */,
			);
			path = Xylophone;
			sourceTree = "<group>";
		};
		F149A39824BE4D4100B30908 /* Sounds */ = {
			isa = PBXGroup;
			children = (
				F149A39D24BE4D6800B30908 /* A.wav */,
				F149A39C24BE4D6800B30908 /* B.wav */,
				F149A39B24BE4D6800B30908 /* C.wav */,
				F149A39924BE4D6800B30908 /* D.wav */,
				F149A39E24BE4D6800B30908 /* E.wav */,
				F149A39F24BE4D6800B30908 /* F.wav */,
				F149A39A24BE4D6800B30908 /* G.wav */,
			);
			path = Sounds;
			sourceTree = "<group>";
		};
/* End PBXGroup section */

/* Begin PBXNativeTarget section */
		F149A37E24BE281F00B30908 /* Xylophone */ = {
			isa = PBXNativeTarget;
			buildConfigurationList = F149A39324BE282000B30908 /* Build configuration list for PBXNativeTarget "Xylophone" */;
			buildPhases = (
				F149A37B24BE281F00B30908 /* Sources */,
				F149A37C24BE281F00B30908 /* Frameworks */,
				F149A37D24BE281F00B30908 /* Resources */,
			);
			buildRules = (
			);
			dependencies = (
			);
			name = Xylophone;
			productName = Xylophone;
			productReference = F149A37F24BE281F00B30908 /* Xylophone.app */;
			productType = "com.apple.product-type.application";
		};
/* End PBXNativeTarget section */

/* Begin PBXProject section */
		F149A37724BE281F00B30908 /* Project object */ = {
			isa = PBXProject;
			attributes = {
				LastSwiftUpdateCheck = 1150;
				LastUpgradeCheck = 1150;
				ORGANIZATIONNAME = "Puneet Mahali";
				TargetAttributes = {
					F149A37E24BE281F00B30908 = {
						CreatedOnToolsVersion = 11.5;
					};
				};
			};
			buildConfigurationList = F149A37A24BE281F00B30908 /* Build configuration list for PBXProject "Xylophone" */;
			compatibilityVersion = "Xcode 9.3";
			developmentRegion = en;
			hasScannedForEncodings = 0;
			knownRegions = (
				en,
				Base,
			);
			mainGroup = F149A37624BE281F00B30908;
			productRefGroup = F149A38024BE281F00B30908 /* Products */;
			projectDirPath = "";
			projectRoot = "";
			targets = (
				F149A37E24BE281F00B30908 /* Xylophone */,
			);
		};
/* End PBXProject section */

/* Begin PBXResourcesBuildPhase section */
		F149A37D24BE281F00B30908 /* Resources */ = {
			isa = PBXResourcesBuildPhase;
			buildActionMask = 2147483647;
			files = (
				F149A3A224BE4D6800B30908 /* C.wav in Resources */,
				F149A38F24BE282000B30908 /* LaunchScreen.storyboard in Resources */,
				F149A3A424BE4D6800B30908 /* A.wav in Resources */,
				F149A3A624BE4D6800B30908 /* F.wav in Resources */,
				F149A3A124BE4D6800B30908 /* G.wav in Resources */,
				F149A3A324BE4D6800B30908 /* B.wav in Resources */,
				F149A3A024BE4D6800B30908 /* D.wav in Resources */,
				F149A3A524BE4D6800B30908 /* E.wav in Resources */,
				F149A38C24BE282000B30908 /* Assets.xcassets in Resources */,
				F149A38A24BE281F00B30908 /* Main.storyboard in Resources */,
			);
			runOnlyForDeploymentPostprocessing = 0;
		};
/* End PBXResourcesBuildPhase section */

/* Begin PBXSourcesBuildPhase section */
		F149A37B24BE281F00B30908 /* Sources */ = {
			isa = PBXSourcesBuildPhase;
			buildActionMask = 2147483647;
			files = (
				F149A38724BE281F00B30908 /* ViewController.swift in Sources */,
				F149A38324BE281F00B30908 /* AppDelegate.swift in Sources */,
				F149A38524BE281F00B30908 /* SceneDelegate.swift in Sources */,
			);
			runOnlyForDeploymentPostprocessing = 0;
		};
/* End PBXSourcesBuildPhase section */

/* Begin PBXVariantGroup section */
		F149A38824BE281F00B30908 /* Main.storyboard */ = {
			isa = PBXVariantGroup;
			children = (
				F149A38924BE281F00B30908 /* Base */,
			);
			name = Main.storyboard;
			sourceTree = "<group>";
		};
		F149A38D24BE282000B30908 /* LaunchScreen.storyboard */ = {
			isa = PBXVariantGroup;
			children = (
				F149A38E24BE282000B30908 /* Base */,
			);
			name = LaunchScreen.storyboard;
			sourceTree = "<group>";
		};
/* End PBXVariantGroup section */

/* Begin XCBuildConfiguration section */
		F149A39124BE282000B30908 /* Debug */ = {
			isa = XCBuildConfiguration;
			buildSettings = {
				ALWAYS_SEARCH_USER_PATHS = NO;
				CLANG_ANALYZER_NONNULL = YES;
				CLANG_ANALYZER_NUMBER_OBJECT_CONVERSION = YES_AGGRESSIVE;
				CLANG_CXX_LANGUAGE_STANDARD = "gnu++14";
				CLANG_CXX_LIBRARY = "libc++";
				CLANG_ENABLE_MODULES = YES;
				CLANG_ENABLE_OBJC_ARC = YES;
				CLANG_ENABLE_OBJC_WEAK = YES;
				CLANG_WARN_BLOCK_CAPTURE_AUTORELEASING = YES;
				CLANG_WARN_BOOL_CONVERSION = YES;
				CLANG_WARN_COMMA = YES;
				CLANG_WARN_CONSTANT_CONVERSION = YES;
				CLANG_WARN_DEPRECATED_OBJC_IMPLEMENTATIONS = YES;
				CLANG_WARN_DIRECT_OBJC_ISA_USAGE = YES_ERROR;
				CLANG_WARN_DOCUMENTATION_COMMENTS = YES;
				CLANG_WARN_EMPTY_BODY = YES;
				CLANG_WARN_ENUM_CONVERSION = YES;
				CLANG_WARN_INFINITE_RECURSION = YES;
				CLANG_WARN_INT_CONVERSION = YES;
				CLANG_WARN_NON_LITERAL_NULL_CONVERSION = YES;
				CLANG_WARN_OBJC_IMPLICIT_RETAIN_SELF = YES;
				CLANG_WARN_OBJC_LITERAL_CONVERSION = YES;
				CLANG_WARN_OBJC_ROOT_CLASS = YES_ERROR;
				CLANG_WARN_RANGE_LOOP_ANALYSIS = YES;
				CLANG_WARN_STRICT_PROTOTYPES = YES;
				CLANG_WARN_SUSPICIOUS_MOVE = YES;
				CLANG_WARN_UNGUARDED_AVAILABILITY = YES_AGGRESSIVE;
				CLANG_WARN_UNREACHABLE_CODE = YES;
				CLANG_WARN__DUPLICATE_METHOD_MATCH = YES;
				COPY_PHASE_STRIP = NO;
				DEBUG_INFORMATION_FORMAT = dwarf;
				ENABLE_STRICT_OBJC_MSGSEND = YES;
				ENABLE_TESTABILITY = YES;
				GCC_C_LANGUAGE_STANDARD = gnu11;
				GCC_DYNAMIC_NO_PIC = NO;
				GCC_NO_COMMON_BLOCKS = YES;
				GCC_OPTIMIZATION_LEVEL = 0;
				GCC_PREPROCESSOR_DEFINITIONS = (
					"DEBUG=1",
					"$(inherited)",
				);
				GCC_WARN_64_TO_32_BIT_CONVERSION = YES;
				GCC_WARN_ABOUT_RETURN_TYPE = YES_ERROR;
				GCC_WARN_UNDECLARED_SELECTOR = YES;
				GCC_WARN_UNINITIALIZED_AUTOS = YES_AGGRESSIVE;
				GCC_WARN_UNUSED_FUNCTION = YES;
				GCC_WARN_UNUSED_VARIABLE = YES;
				IPHONEOS_DEPLOYMENT_TARGET = 13.5;
				MTL_ENABLE_DEBUG_INFO = INCLUDE_SOURCE;
				MTL_FAST_MATH = YES;
				ONLY_ACTIVE_ARCH = YES;
				SDKROOT = iphoneos;
				SWIFT_ACTIVE_COMPILATION_CONDITIONS = DEBUG;
				SWIFT_OPTIMIZATION_LEVEL = "-Onone";
			};
			name = Debug;
		};
		F149A39224BE282000B30908 /* Release */ = {
			isa = XCBuildConfiguration;
			buildSettings = {
				ALWAYS_SEARCH_USER_PATHS = NO;
				CLANG_ANALYZER_NONNULL = YES;
				CLANG_ANALYZER_NUMBER_OBJECT_CONVERSION = YES_AGGRESSIVE;
				CLANG_CXX_LANGUAGE_STANDARD = "gnu++14";
				CLANG_CXX_LIBRARY = "libc++";
				CLANG_ENABLE_MODULES = YES;
				CLANG_ENABLE_OBJC_ARC = YES;
				CLANG_ENABLE_OBJC_WEAK = YES;
				CLANG_WARN_BLOCK_CAPTURE_AUTORELEASING = YES;
				CLANG_WARN_BOOL_CONVERSION = YES;
				CLANG_WARN_COMMA = YES;
				CLANG_WARN_CONSTANT_CONVERSION = YES;
				CLANG_WARN_DEPRECATED_OBJC_IMPLEMENTATIONS = YES;
				CLANG_WARN_DIRECT_OBJC_ISA_USAGE = YES_ERROR;
				CLANG_WARN_DOCUMENTATION_COMMENTS = YES;
				CLANG_WARN_EMPTY_BODY = YES;
				CLANG_WARN_ENUM_CONVERSION = YES;
				CLANG_WARN_INFINITE_RECURSION = YES;
				CLANG_WARN_INT_CONVERSION = YES;
				CLANG_WARN_NON_LITERAL_NULL_CONVERSION = YES;
				CLANG_WARN_OBJC_IMPLICIT_RETAIN_SELF = YES;
				CLANG_WARN_OBJC_LITERAL_CONVERSION = YES;
				CLANG_WARN_OBJC_ROOT_CLASS = YES_ERROR;
				CLANG_WARN_RANGE_LOOP_ANALYSIS = YES;
				CLANG_WARN_STRICT_PROTOTYPES = YES;
				CLANG_WARN_SUSPICIOUS_MOVE = YES;
				CLANG_WARN_UNGUARDED_AVAILABILITY = YES_AGGRESSIVE;
				CLANG_WARN_UNREACHABLE_CODE = YES;
				CLANG_WARN__DUPLICATE_METHOD_MATCH = YES;
				COPY_PHASE_STRIP = NO;
				DEBUG_INFORMATION_FORMAT = "dwarf-with-dsym";
				ENABLE_NS_ASSERTIONS = NO;
				ENABLE_STRICT_OBJC_MSGSEND = YES;
				GCC_C_LANGUAGE_STANDARD = gnu11;
				GCC_NO_COMMON_BLOCKS = YES;
				GCC_WARN_64_TO_32_BIT_CONVERSION = YES;
				GCC_WARN_ABOUT_RETURN_TYPE = YES_ERROR;
				GCC_WARN_UNDECLARED_SELECTOR = YES;
				GCC_WARN_UNINITIALIZED_AUTOS = YES_AGGRESSIVE;
				GCC_WARN_UNUSED_FUNCTION = YES;
				GCC_WARN_UNUSED_VARIABLE = YES;
				IPHONEOS_DEPLOYMENT_TARGET = 13.5;
				MTL_ENABLE_DEBUG_INFO = NO;
				MTL_FAST_MATH = YES;
				SDKROOT = iphoneos;
				SWIFT_COMPILATION_MODE = wholemodule;
				SWIFT_OPTIMIZATION_LEVEL = "-O";
				VALIDATE_PRODUCT = YES;
			};
			name = Release;
		};
		F149A39424BE282000B30908 /* Debug */ = {
			isa = XCBuildConfiguration;
			buildSettings = {
				ASSETCATALOG_COMPILER_APPICON_NAME = AppIcon;
				CODE_SIGN_STYLE = Automatic;
				DEVELOPMENT_TEAM = L798UUDWH7;
				INFOPLIST_FILE = Xylophone/Info.plist;
				LD_RUNPATH_SEARCH_PATHS = (
					"$(inherited)",
					"@executable_path/Frameworks",
				);
				PRODUCT_BUNDLE_IDENTIFIER = com.puneetmahali.Xylophone;
				PRODUCT_NAME = "$(TARGET_NAME)";
				SWIFT_VERSION = 5.0;
				TARGETED_DEVICE_FAMILY = "1,2";
			};
			name = Debug;
		};
		F149A39524BE282000B30908 /* Release */ = {
			isa = XCBuildConfiguration;
			buildSettings = {
				ASSETCATALOG_COMPILER_APPICON_NAME = AppIcon;
				CODE_SIGN_STYLE = Automatic;
				DEVELOPMENT_TEAM = L798UUDWH7;
				INFOPLIST_FILE = Xylophone/Info.plist;
				LD_RUNPATH_SEARCH_PATHS = (
					"$(inherited)",
					"@executable_path/Frameworks",
				);
				PRODUCT_BUNDLE_IDENTIFIER = com.puneetmahali.Xylophone;
				PRODUCT_NAME = "$(TARGET_NAME)";
				SWIFT_VERSION = 5.0;
				TARGETED_DEVICE_FAMILY = "1,2";
			};
			name = Release;
		};
/* End XCBuildConfiguration section */

/* Begin XCConfigurationList section */
		F149A37A24BE281F00B30908 /* Build configuration list for PBXProject "Xylophone" */ = {
			isa = XCConfigurationList;
			buildConfigurations = (
				F149A39124BE282000B30908 /* Debug */,
				F149A39224BE282000B30908 /* Release */,
			);
			defaultConfigurationIsVisible = 0;
			defaultConfigurationName = Release;
		};
		F149A39324BE282000B30908 /* Build configuration list for PBXNativeTarget "Xylophone" */ = {
			isa = XCConfigurationList;
			buildConfigurations = (
				F149A39424BE282000B30908 /* Debug */,
				F149A39524BE282000B30908 /* Release */,
			);
			defaultConfigurationIsVisible = 0;
			defaultConfigurationName = Release;
		};
/* End XCConfigurationList section */
	};
	rootObject = F149A37724BE281F00B30908 /* Project object */;
}
